
Microsoft Visual Studio Solution File, Format Version 12.00
# Visual Studio 14
VisualStudioVersion = 14.0.23107.0
MinimumVisualStudioVersion = 10.0.40219.1
Project("{FAE04EC0-301F-11D3-BF4B-00C04F79EFBC}") = "AngularDashboardBackend", "AngularDashboardBackend\AngularDashboardBackend.csproj", "{938B058F-E032-4675-AD6E-E10E6C902622}"
EndProject
Project("{2150E333-8FDC-42A3-9474-1A3956D46DE8}") = "PublishScripts", "PublishScripts", "{4569EA27-8AC4-4117-A514-FB31AC80C3A0}"
	ProjectSection(SolutionItems) = preProject
		PublishScripts\AzureVMPublishModule.psm1 = PublishScripts\AzureVMPublishModule.psm1
		PublishScripts\Publish-WebApplicationVM.ps1 = PublishScripts\Publish-WebApplicationVM.ps1
	EndProjectSection
EndProject
Project("{2150E333-8FDC-42A3-9474-1A3956D46DE8}") = "Configurations", "Configurations", "{BFB97250-4E05-4E8A-B3A9-3B95D45D34CE}"
	ProjectSection(SolutionItems) = preProject
		PublishScripts\Configurations\AngularDashboardBackend-WAWS-dev.json = PublishScripts\Configurations\AngularDashboardBackend-WAWS-dev.json
	EndProjectSection
EndProject
Global
	GlobalSection(SolutionConfigurationPlatforms) = preSolution
		Debug|Any CPU = Debug|Any CPU
		Release|Any CPU = Release|Any CPU
	EndGlobalSection
	GlobalSection(ProjectConfigurationPlatforms) = postSolution
		{938B058F-E032-4675-AD6E-E10E6C902622}.Debug|Any CPU.ActiveCfg = Debug|Any CPU
		{938B058F-E032-4675-AD6E-E10E6C902622}.Debug|Any CPU.Build.0 = Debug|Any CPU
		{938B058F-E032-4675-AD6E-E10E6C902622}.Release|Any CPU.ActiveCfg = Release|Any CPU
		{938B058F-E032-4675-AD6E-E10E6C902622}.Release|Any CPU.Build.0 = Release|Any CPU
	EndGlobalSection
	GlobalSection(SolutionProperties) = preSolution
		HideSolutionNode = FALSE
	EndGlobalSection
	GlobalSection(NestedProjects) = preSolution
		{BFB97250-4E05-4E8A-B3A9-3B95D45D34CE} = {4569EA27-8AC4-4117-A514-FB31AC80C3A0}
	EndGlobalSection
EndGlobal
